
Microsoft Visual Studio Solution File, Format Version 12.00
# Visual Studio Version 17
VisualStudioVersion = 17.13.35828.75 d17.13
MinimumVisualStudioVersion = 10.0.40219.1
Project("{FAE04EC0-301F-11D3-BF4B-00C04F79EFBC}") = "ProductMTask", "ProductMTask\ProductMTask.csproj", "{FF9076C9-5BE9-43A0-87C8-3312A28AEFA3}"
EndProject
Global
	GlobalSection(SolutionConfigurationPlatforms) = preSolution
		Debug|Any CPU = Debug|Any CPU
		Release|Any CPU = Release|Any CPU
	EndGlobalSection
	GlobalSection(ProjectConfigurationPlatforms) = postSolution
		{FF9076C9-5BE9-43A0-87C8-3312A28AEFA3}.Debug|Any CPU.ActiveCfg = Debug|Any CPU
		{FF9076C9-5BE9-43A0-87C8-3312A28AEFA3}.Debug|Any CPU.Build.0 = Debug|Any CPU
		{FF9076C9-5BE9-43A0-87C8-3312A28AEFA3}.Release|Any CPU.ActiveCfg = Release|Any CPU
		{FF9076C9-5BE9-43A0-87C8-3312A28AEFA3}.Release|Any CPU.Build.0 = Release|Any CPU
	EndGlobalSection
	GlobalSection(SolutionProperties) = preSolution
		HideSolutionNode = FALSE
	EndGlobalSection
	GlobalSection(ExtensibilityGlobals) = postSolution
		SolutionGuid = {CE6F379E-4ADA-49FD-9EC3-5C38D6D95A4B}
	EndGlobalSection
EndGlobal
